
Microsoft Visual Studio Solution File, Format Version 12.00
# Visual Studio 15
Project("{FAE04EC0-301F-11D3-BF4B-00C04F79EFBC}") = "CityInfo.API", "CityInfo.API\CityInfo.API.csproj", "{AC6C2BBB-1B2C-4F7C-AE0E-17A72DD85972}"
EndProject
Global
	GlobalSection(SolutionConfigurationPlatforms) = preSolution
		Debug|Any CPU = Debug|Any CPU
		Release|Any CPU = Release|Any CPU
	EndGlobalSection
	GlobalSection(ProjectConfigurationPlatforms) = postSolution
		{AC6C2BBB-1B2C-4F7C-AE0E-17A72DD85972}.Debug|Any CPU.ActiveCfg = Debug|Any CPU
		{AC6C2BBB-1B2C-4F7C-AE0E-17A72DD85972}.Debug|Any CPU.Build.0 = Debug|Any CPU
		{AC6C2BBB-1B2C-4F7C-AE0E-17A72DD85972}.Release|Any CPU.ActiveCfg = Release|Any CPU
		{AC6C2BBB-1B2C-4F7C-AE0E-17A72DD85972}.Release|Any CPU.Build.0 = Release|Any CPU
	EndGlobalSection
EndGlobal
